
Microsoft Visual Studio Solution File, Format Version 12.00
# Visual Studio Version 17
VisualStudioVersion = 17.2.32422.2
MinimumVisualStudioVersion = 10.0.40219.1
Project("{9A19103F-16F7-4668-BE54-9A1E7A4F7556}") = "EdgesWebAPI", ".\EdgesWebAPI\EdgesWebAPI.csproj", "{F92F9FEC-E50C-46F0-8303-C92FD8BA3E46}"
EndProject
Project("{54A90642-561A-4BB1-A94E-469ADEE60C69}") = "EdgesWeb", ".\EdgesWeb\EdgesWeb.esproj", "{FBED464A-3BC4-4426-AC6F-45EE445D6D9F}"
EndProject
Global
	GlobalSection(SolutionConfigurationPlatforms) = preSolution
		Debug|Any CPU = Debug|Any CPU
		Debug|x64 = Debug|x64
		Release|Any CPU = Release|Any CPU
		Release|x64 = Release|x64
	EndGlobalSection
	GlobalSection(ProjectConfigurationPlatforms) = postSolution
		{F92F9FEC-E50C-46F0-8303-C92FD8BA3E46}.Debug|Any CPU.ActiveCfg = Debug|Any CPU
		{F92F9FEC-E50C-46F0-8303-C92FD8BA3E46}.Debug|Any CPU.Build.0 = Debug|Any CPU
		{F92F9FEC-E50C-46F0-8303-C92FD8BA3E46}.Debug|x64.ActiveCfg = Debug|x64
		{F92F9FEC-E50C-46F0-8303-C92FD8BA3E46}.Debug|x64.Build.0 = Debug|x64
		{F92F9FEC-E50C-46F0-8303-C92FD8BA3E46}.Release|Any CPU.ActiveCfg = Release|Any CPU
		{F92F9FEC-E50C-46F0-8303-C92FD8BA3E46}.Release|Any CPU.Build.0 = Release|Any CPU
		{F92F9FEC-E50C-46F0-8303-C92FD8BA3E46}.Release|x64.ActiveCfg = Release|x64
		{F92F9FEC-E50C-46F0-8303-C92FD8BA3E46}.Release|x64.Build.0 = Release|x64
		{FBED464A-3BC4-4426-AC6F-45EE445D6D9F}.Debug|Any CPU.ActiveCfg = Debug|Any CPU
		{FBED464A-3BC4-4426-AC6F-45EE445D6D9F}.Debug|Any CPU.Build.0 = Debug|Any CPU
		{FBED464A-3BC4-4426-AC6F-45EE445D6D9F}.Debug|Any CPU.Deploy.0 = Debug|Any CPU
		{FBED464A-3BC4-4426-AC6F-45EE445D6D9F}.Debug|x64.ActiveCfg = Debug|Any CPU
		{FBED464A-3BC4-4426-AC6F-45EE445D6D9F}.Debug|x64.Build.0 = Debug|Any CPU
		{FBED464A-3BC4-4426-AC6F-45EE445D6D9F}.Debug|x64.Deploy.0 = Debug|Any CPU
		{FBED464A-3BC4-4426-AC6F-45EE445D6D9F}.Release|Any CPU.ActiveCfg = Release|Any CPU
		{FBED464A-3BC4-4426-AC6F-45EE445D6D9F}.Release|Any CPU.Build.0 = Release|Any CPU
		{FBED464A-3BC4-4426-AC6F-45EE445D6D9F}.Release|Any CPU.Deploy.0 = Release|Any CPU
		{FBED464A-3BC4-4426-AC6F-45EE445D6D9F}.Release|x64.ActiveCfg = Release|Any CPU
		{FBED464A-3BC4-4426-AC6F-45EE445D6D9F}.Release|x64.Build.0 = Release|Any CPU
		{FBED464A-3BC4-4426-AC6F-45EE445D6D9F}.Release|x64.Deploy.0 = Release|Any CPU
	EndGlobalSection
	GlobalSection(SolutionProperties) = preSolution
		HideSolutionNode = FALSE
	EndGlobalSection
	GlobalSection(ExtensibilityGlobals) = postSolution
		SolutionGuid = {B1B8570F-F1E4-42B1-AB7B-4D9F1C96A06C}
	EndGlobalSection
EndGlobal
